// !$*UTF8*$!
{
	archiveVersion = 1;
	classes = {
	};
	objectVersion = 50;
	objects = {

/* Begin PBXBuildFile section */
		9E4C5A642289A7EA00BF3620 /* Geocode.json in Resources */ = {isa = PBXBuildFile; fileRef = 9E4C5A632289A7EA00BF3620 /* Geocode.json */; };
		9E4C5A662289B4EA00BF3620 /* LocationManager.swift in Sources */ = {isa = PBXBuildFile; fileRef = 9E4C5A652289B4EA00BF3620 /* LocationManager.swift */; };
		9E4C5A6A228AE85D00BF3620 /* Country.json in Resources */ = {isa = PBXBuildFile; fileRef = 9E4C5A69228AE85D00BF3620 /* Country.json */; };
		9E4C5A6C228AE8A300BF3620 /* CountryService.swift in Sources */ = {isa = PBXBuildFile; fileRef = 9E4C5A6B228AE8A300BF3620 /* CountryService.swift */; };
		9E4C5A6E228AE8C500BF3620 /* GeocodeService.swift in Sources */ = {isa = PBXBuildFile; fileRef = 9E4C5A6D228AE8C500BF3620 /* GeocodeService.swift */; };
		9E4C5A70228AEE0C00BF3620 /* CountryTests.swift in Sources */ = {isa = PBXBuildFile; fileRef = 9E4C5A6F228AEE0C00BF3620 /* CountryTests.swift */; };
		9E6697172280041300C385D2 /* ApiKeys.swift in Sources */ = {isa = PBXBuildFile; fileRef = 9E6697162280041300C385D2 /* ApiKeys.swift */; };
		9E66971B22804D3500C385D2 /* TranslateViewController.swift in Sources */ = {isa = PBXBuildFile; fileRef = 9E66971A22804D3500C385D2 /* TranslateViewController.swift */; };
		9E66971D22804D5300C385D2 /* ExchangeViewController.swift in Sources */ = {isa = PBXBuildFile; fileRef = 9E66971C22804D5300C385D2 /* ExchangeViewController.swift */; };
		9E66971F22804D6400C385D2 /* WeatherViewController.swift in Sources */ = {isa = PBXBuildFile; fileRef = 9E66971E22804D6400C385D2 /* WeatherViewController.swift */; };
		9E6697212280504F00C385D2 /* ExchangeRateService.swift in Sources */ = {isa = PBXBuildFile; fileRef = 9E6697202280504F00C385D2 /* ExchangeRateService.swift */; };
		9E66972322807C4500C385D2 /* New_ExchangeRate.json in Resources */ = {isa = PBXBuildFile; fileRef = 9E66972222807C4500C385D2 /* New_ExchangeRate.json */; };
		9E66972522807CC100C385D2 /* ExchangeRateTests.swift in Sources */ = {isa = PBXBuildFile; fileRef = 9E66972422807CC100C385D2 /* ExchangeRateTests.swift */; };
		9E66972722807DFF00C385D2 /* UrlSession.swift in Sources */ = {isa = PBXBuildFile; fileRef = 9E66972622807DFF00C385D2 /* UrlSession.swift */; };
		9E669729228172A000C385D2 /* FakeResponseData.swift in Sources */ = {isa = PBXBuildFile; fileRef = 9E669728228172A000C385D2 /* FakeResponseData.swift */; };
		9E66972D22846A9B00C385D2 /* TranslateService.swift in Sources */ = {isa = PBXBuildFile; fileRef = 9E66972C22846A9B00C385D2 /* TranslateService.swift */; };
		9E66972F228471A900C385D2 /* WeatherService.swift in Sources */ = {isa = PBXBuildFile; fileRef = 9E66972E228471A900C385D2 /* WeatherService.swift */; };
		9E6697312285B5C800C385D2 /* Old_ExchangeRate.json in Resources */ = {isa = PBXBuildFile; fileRef = 9E6697302285B5C800C385D2 /* Old_ExchangeRate.json */; };
		9E6697332285B92E00C385D2 /* TranslateTests.swift in Sources */ = {isa = PBXBuildFile; fileRef = 9E6697322285B92E00C385D2 /* TranslateTests.swift */; };
		9E6697352285B94300C385D2 /* WeatherTests.swift in Sources */ = {isa = PBXBuildFile; fileRef = 9E6697342285B94300C385D2 /* WeatherTests.swift */; };
		9E6697372285B96200C385D2 /* Translate.json in Resources */ = {isa = PBXBuildFile; fileRef = 9E6697362285B96200C385D2 /* Translate.json */; };
		9E6697392285B98500C385D2 /* Weather.json in Resources */ = {isa = PBXBuildFile; fileRef = 9E6697382285B98500C385D2 /* Weather.json */; };
		9E765FA82262527F005DF98B /* AppDelegate.swift in Sources */ = {isa = PBXBuildFile; fileRef = 9E765FA72262527F005DF98B /* AppDelegate.swift */; };
		9E765FAD2262527F005DF98B /* Main.storyboard in Resources */ = {isa = PBXBuildFile; fileRef = 9E765FAB2262527F005DF98B /* Main.storyboard */; };
		9E765FAF22625281005DF98B /* Assets.xcassets in Resources */ = {isa = PBXBuildFile; fileRef = 9E765FAE22625281005DF98B /* Assets.xcassets */; };
		9E765FB222625281005DF98B /* LaunchScreen.storyboard in Resources */ = {isa = PBXBuildFile; fileRef = 9E765FB022625281005DF98B /* LaunchScreen.storyboard */; };
/* End PBXBuildFile section */

/* Begin PBXContainerItemProxy section */
		9E765FB922625282005DF98B /* PBXContainerItemProxy */ = {
			isa = PBXContainerItemProxy;
			containerPortal = 9E765F9C2262527F005DF98B /* Project object */;
			proxyType = 1;
			remoteGlobalIDString = 9E765FA32262527F005DF98B;
			remoteInfo = LeBaluchon;
		};
/* End PBXContainerItemProxy section */

/* Begin PBXFileReference section */
		9E4C5A632289A7EA00BF3620 /* Geocode.json */ = {isa = PBXFileReference; lastKnownFileType = text.json; path = Geocode.json; sourceTree = "<group>"; };
		9E4C5A652289B4EA00BF3620 /* LocationManager.swift */ = {isa = PBXFileReference; lastKnownFileType = sourcecode.swift; path = LocationManager.swift; sourceTree = "<group>"; };
		9E4C5A69228AE85D00BF3620 /* Country.json */ = {isa = PBXFileReference; lastKnownFileType = text.json; path = Country.json; sourceTree = "<group>"; };
		9E4C5A6B228AE8A300BF3620 /* CountryService.swift */ = {isa = PBXFileReference; lastKnownFileType = sourcecode.swift; path = CountryService.swift; sourceTree = "<group>"; };
		9E4C5A6D228AE8C500BF3620 /* GeocodeService.swift */ = {isa = PBXFileReference; lastKnownFileType = sourcecode.swift; path = GeocodeService.swift; sourceTree = "<group>"; };
		9E4C5A6F228AEE0C00BF3620 /* CountryTests.swift */ = {isa = PBXFileReference; lastKnownFileType = sourcecode.swift; path = CountryTests.swift; sourceTree = "<group>"; };
		9E6697162280041300C385D2 /* ApiKeys.swift */ = {isa = PBXFileReference; fileEncoding = 4; lastKnownFileType = sourcecode.swift; path = ApiKeys.swift; sourceTree = "<group>"; };
		9E66971A22804D3500C385D2 /* TranslateViewController.swift */ = {isa = PBXFileReference; lastKnownFileType = sourcecode.swift; path = TranslateViewController.swift; sourceTree = "<group>"; };
		9E66971C22804D5300C385D2 /* ExchangeViewController.swift */ = {isa = PBXFileReference; lastKnownFileType = sourcecode.swift; path = ExchangeViewController.swift; sourceTree = "<group>"; };
		9E66971E22804D6400C385D2 /* WeatherViewController.swift */ = {isa = PBXFileReference; lastKnownFileType = sourcecode.swift; path = WeatherViewController.swift; sourceTree = "<group>"; };
		9E6697202280504F00C385D2 /* ExchangeRateService.swift */ = {isa = PBXFileReference; lastKnownFileType = sourcecode.swift; name = ExchangeRateService.swift; path = "../Supporting Files/ExchangeRateService.swift"; sourceTree = "<group>"; };
		9E66972222807C4500C385D2 /* New_ExchangeRate.json */ = {isa = PBXFileReference; lastKnownFileType = text.json; path = New_ExchangeRate.json; sourceTree = "<group>"; };
		9E66972422807CC100C385D2 /* ExchangeRateTests.swift */ = {isa = PBXFileReference; lastKnownFileType = sourcecode.swift; path = ExchangeRateTests.swift; sourceTree = "<group>"; };
		9E66972622807DFF00C385D2 /* UrlSession.swift */ = {isa = PBXFileReference; lastKnownFileType = sourcecode.swift; path = UrlSession.swift; sourceTree = "<group>"; };
		9E669728228172A000C385D2 /* FakeResponseData.swift */ = {isa = PBXFileReference; lastKnownFileType = sourcecode.swift; path = FakeResponseData.swift; sourceTree = "<group>"; };
		9E66972C22846A9B00C385D2 /* TranslateService.swift */ = {isa = PBXFileReference; lastKnownFileType = sourcecode.swift; path = TranslateService.swift; sourceTree = "<group>"; };
		9E66972E228471A900C385D2 /* WeatherService.swift */ = {isa = PBXFileReference; lastKnownFileType = sourcecode.swift; path = WeatherService.swift; sourceTree = "<group>"; };
		9E6697302285B5C800C385D2 /* Old_ExchangeRate.json */ = {isa = PBXFileReference; lastKnownFileType = text.json; path = Old_ExchangeRate.json; sourceTree = "<group>"; };
		9E6697322285B92E00C385D2 /* TranslateTests.swift */ = {isa = PBXFileReference; lastKnownFileType = sourcecode.swift; path = TranslateTests.swift; sourceTree = "<group>"; };
		9E6697342285B94300C385D2 /* WeatherTests.swift */ = {isa = PBXFileReference; lastKnownFileType = sourcecode.swift; path = WeatherTests.swift; sourceTree = "<group>"; };
		9E6697362285B96200C385D2 /* Translate.json */ = {isa = PBXFileReference; lastKnownFileType = text.json; path = Translate.json; sourceTree = "<group>"; };
		9E6697382285B98500C385D2 /* Weather.json */ = {isa = PBXFileReference; lastKnownFileType = text.json; path = Weather.json; sourceTree = "<group>"; };
		9E765FA42262527F005DF98B /* LeBaluchon.app */ = {isa = PBXFileReference; explicitFileType = wrapper.application; includeInIndex = 0; path = LeBaluchon.app; sourceTree = BUILT_PRODUCTS_DIR; };
		9E765FA72262527F005DF98B /* AppDelegate.swift */ = {isa = PBXFileReference; lastKnownFileType = sourcecode.swift; path = AppDelegate.swift; sourceTree = "<group>"; };
		9E765FAC2262527F005DF98B /* Base */ = {isa = PBXFileReference; lastKnownFileType = file.storyboard; name = Base; path = Base.lproj/Main.storyboard; sourceTree = "<group>"; };
		9E765FAE22625281005DF98B /* Assets.xcassets */ = {isa = PBXFileReference; lastKnownFileType = folder.assetcatalog; path = Assets.xcassets; sourceTree = "<group>"; };
		9E765FB122625281005DF98B /* Base */ = {isa = PBXFileReference; lastKnownFileType = file.storyboard; name = Base; path = Base.lproj/LaunchScreen.storyboard; sourceTree = "<group>"; };
		9E765FB322625281005DF98B /* Info.plist */ = {isa = PBXFileReference; lastKnownFileType = text.plist.xml; path = Info.plist; sourceTree = "<group>"; };
		9E765FB822625282005DF98B /* LeBaluchonTests.xctest */ = {isa = PBXFileReference; explicitFileType = wrapper.cfbundle; includeInIndex = 0; path = LeBaluchonTests.xctest; sourceTree = BUILT_PRODUCTS_DIR; };
		9E765FBE22625282005DF98B /* Info.plist */ = {isa = PBXFileReference; lastKnownFileType = text.plist.xml; path = Info.plist; sourceTree = "<group>"; };
/* End PBXFileReference section */

/* Begin PBXFrameworksBuildPhase section */
		9E765FA12262527F005DF98B /* Frameworks */ = {
			isa = PBXFrameworksBuildPhase;
			buildActionMask = 2147483647;
			files = (
			);
			runOnlyForDeploymentPostprocessing = 0;
		};
		9E765FB522625282005DF98B /* Frameworks */ = {
			isa = PBXFrameworksBuildPhase;
			buildActionMask = 2147483647;
			files = (
			);
			runOnlyForDeploymentPostprocessing = 0;
		};
/* End PBXFrameworksBuildPhase section */

/* Begin PBXGroup section */
		9E669715228003ED00C385D2 /* Model */ = {
			isa = PBXGroup;
			children = (
				9E66972E228471A900C385D2 /* WeatherService.swift */,
				9E66972C22846A9B00C385D2 /* TranslateService.swift */,
				9E6697202280504F00C385D2 /* ExchangeRateService.swift */,
				9E6697162280041300C385D2 /* ApiKeys.swift */,
				9E4C5A652289B4EA00BF3620 /* LocationManager.swift */,
				9E4C5A6B228AE8A300BF3620 /* CountryService.swift */,
				9E4C5A6D228AE8C500BF3620 /* GeocodeService.swift */,
			);
			path = Model;
			sourceTree = "<group>";
		};
		9E765F9B2262527F005DF98B = {
			isa = PBXGroup;
			children = (
				9E765FA62262527F005DF98B /* LeBaluchon */,
				9E765FBB22625282005DF98B /* LeBaluchonTests */,
				9E765FA52262527F005DF98B /* Products */,
			);
			sourceTree = "<group>";
		};
		9E765FA52262527F005DF98B /* Products */ = {
			isa = PBXGroup;
			children = (
				9E765FA42262527F005DF98B /* LeBaluchon.app */,
				9E765FB822625282005DF98B /* LeBaluchonTests.xctest */,
			);
			name = Products;
			sourceTree = "<group>";
		};
		9E765FA62262527F005DF98B /* LeBaluchon */ = {
			isa = PBXGroup;
			children = (
				9E765FCA22625B9E005DF98B /* Supporting Files */,
				9E669715228003ED00C385D2 /* Model */,
				9E765FC822625B8C005DF98B /* View */,
				9E765FC722625B80005DF98B /* Controller */,
			);
			path = LeBaluchon;
			sourceTree = "<group>";
		};
		9E765FBB22625282005DF98B /* LeBaluchonTests */ = {
			isa = PBXGroup;
			children = (
				9E765FBE22625282005DF98B /* Info.plist */,
				9E66972622807DFF00C385D2 /* UrlSession.swift */,
				9E669728228172A000C385D2 /* FakeResponseData.swift */,
				9E66972422807CC100C385D2 /* ExchangeRateTests.swift */,
				9E6697322285B92E00C385D2 /* TranslateTests.swift */,
				9E6697342285B94300C385D2 /* WeatherTests.swift */,
				9E66972222807C4500C385D2 /* New_ExchangeRate.json */,
				9E6697302285B5C800C385D2 /* Old_ExchangeRate.json */,
				9E6697362285B96200C385D2 /* Translate.json */,
				9E6697382285B98500C385D2 /* Weather.json */,
				9E4C5A632289A7EA00BF3620 /* Geocode.json */,
				9E4C5A69228AE85D00BF3620 /* Country.json */,
				9E4C5A6F228AEE0C00BF3620 /* CountryTests.swift */,
			);
			path = LeBaluchonTests;
			sourceTree = "<group>";
		};
		9E765FC722625B80005DF98B /* Controller */ = {
			isa = PBXGroup;
			children = (
				9E66971A22804D3500C385D2 /* TranslateViewController.swift */,
				9E66971C22804D5300C385D2 /* ExchangeViewController.swift */,
				9E66971E22804D6400C385D2 /* WeatherViewController.swift */,
			);
			path = Controller;
			sourceTree = "<group>";
		};
		9E765FC822625B8C005DF98B /* View */ = {
			isa = PBXGroup;
			children = (
				9E765FAB2262527F005DF98B /* Main.storyboard */,
				9E765FB022625281005DF98B /* LaunchScreen.storyboard */,
			);
			path = View;
			sourceTree = "<group>";
		};
		9E765FCA22625B9E005DF98B /* Supporting Files */ = {
			isa = PBXGroup;
			children = (
				9E765FB322625281005DF98B /* Info.plist */,
				9E765FA72262527F005DF98B /* AppDelegate.swift */,
				9E765FAE22625281005DF98B /* Assets.xcassets */,
			);
			path = "Supporting Files";
			sourceTree = "<group>";
		};
/* End PBXGroup section */

/* Begin PBXNativeTarget section */
		9E765FA32262527F005DF98B /* LeBaluchon */ = {
			isa = PBXNativeTarget;
			buildConfigurationList = 9E765FC122625282005DF98B /* Build configuration list for PBXNativeTarget "LeBaluchon" */;
			buildPhases = (
				9E765FA02262527F005DF98B /* Sources */,
				9E765FA12262527F005DF98B /* Frameworks */,
				9E765FA22262527F005DF98B /* Resources */,
				9E765FCB22625D41005DF98B /* ShellScript */,
			);
			buildRules = (
			);
			dependencies = (
			);
			name = LeBaluchon;
			productName = LeBaluchon;
			productReference = 9E765FA42262527F005DF98B /* LeBaluchon.app */;
			productType = "com.apple.product-type.application";
		};
		9E765FB722625282005DF98B /* LeBaluchonTests */ = {
			isa = PBXNativeTarget;
			buildConfigurationList = 9E765FC422625282005DF98B /* Build configuration list for PBXNativeTarget "LeBaluchonTests" */;
			buildPhases = (
				9E765FB422625282005DF98B /* Sources */,
				9E765FB522625282005DF98B /* Frameworks */,
				9E765FB622625282005DF98B /* Resources */,
			);
			buildRules = (
			);
			dependencies = (
				9E765FBA22625282005DF98B /* PBXTargetDependency */,
			);
			name = LeBaluchonTests;
			productName = LeBaluchonTests;
			productReference = 9E765FB822625282005DF98B /* LeBaluchonTests.xctest */;
			productType = "com.apple.product-type.bundle.unit-test";
		};
/* End PBXNativeTarget section */

/* Begin PBXProject section */
		9E765F9C2262527F005DF98B /* Project object */ = {
			isa = PBXProject;
			attributes = {
				LastSwiftUpdateCheck = 1020;
				LastUpgradeCheck = 1020;
				ORGANIZATIONNAME = "Kévin Courtois";
				TargetAttributes = {
					9E765FA32262527F005DF98B = {
						CreatedOnToolsVersion = 10.2;
					};
					9E765FB722625282005DF98B = {
						CreatedOnToolsVersion = 10.2;
						TestTargetID = 9E765FA32262527F005DF98B;
					};
				};
			};
			buildConfigurationList = 9E765F9F2262527F005DF98B /* Build configuration list for PBXProject "LeBaluchon" */;
			compatibilityVersion = "Xcode 9.3";
			developmentRegion = en;
			hasScannedForEncodings = 0;
			knownRegions = (
				en,
				Base,
			);
			mainGroup = 9E765F9B2262527F005DF98B;
			productRefGroup = 9E765FA52262527F005DF98B /* Products */;
			projectDirPath = "";
			projectRoot = "";
			targets = (
				9E765FA32262527F005DF98B /* LeBaluchon */,
				9E765FB722625282005DF98B /* LeBaluchonTests */,
			);
		};
/* End PBXProject section */

/* Begin PBXResourcesBuildPhase section */
		9E765FA22262527F005DF98B /* Resources */ = {
			isa = PBXResourcesBuildPhase;
			buildActionMask = 2147483647;
			files = (
				9E765FB222625281005DF98B /* LaunchScreen.storyboard in Resources */,
				9E765FAF22625281005DF98B /* Assets.xcassets in Resources */,
				9E765FAD2262527F005DF98B /* Main.storyboard in Resources */,
			);
			runOnlyForDeploymentPostprocessing = 0;
		};
		9E765FB622625282005DF98B /* Resources */ = {
			isa = PBXResourcesBuildPhase;
			buildActionMask = 2147483647;
			files = (
				9E4C5A6A228AE85D00BF3620 /* Country.json in Resources */,
				9E4C5A642289A7EA00BF3620 /* Geocode.json in Resources */,
				9E6697392285B98500C385D2 /* Weather.json in Resources */,
				9E6697312285B5C800C385D2 /* Old_ExchangeRate.json in Resources */,
				9E6697372285B96200C385D2 /* Translate.json in Resources */,
				9E66972322807C4500C385D2 /* New_ExchangeRate.json in Resources */,
			);
			runOnlyForDeploymentPostprocessing = 0;
		};
/* End PBXResourcesBuildPhase section */

/* Begin PBXShellScriptBuildPhase section */
		9E765FCB22625D41005DF98B /* ShellScript */ = {
			isa = PBXShellScriptBuildPhase;
			buildActionMask = 2147483647;
			files = (
			);
			inputFileListPaths = (
			);
			inputPaths = (
			);
			outputFileListPaths = (
			);
			outputPaths = (
			);
			runOnlyForDeploymentPostprocessing = 0;
			shellPath = /bin/sh;
			shellScript = "if which swiftlint >/dev/null; then\nswiftlint\nelse\necho \"warning: SwiftLint not installed, download from https://github.com/realm/SwiftLint\"\nfi\n";
		};
/* End PBXShellScriptBuildPhase section */

/* Begin PBXSourcesBuildPhase section */
		9E765FA02262527F005DF98B /* Sources */ = {
			isa = PBXSourcesBuildPhase;
			buildActionMask = 2147483647;
			files = (
				9E6697212280504F00C385D2 /* ExchangeRateService.swift in Sources */,
				9E66972F228471A900C385D2 /* WeatherService.swift in Sources */,
				9E66971F22804D6400C385D2 /* WeatherViewController.swift in Sources */,
				9E66971D22804D5300C385D2 /* ExchangeViewController.swift in Sources */,
				9E4C5A6C228AE8A300BF3620 /* CountryService.swift in Sources */,
				9E66972D22846A9B00C385D2 /* TranslateService.swift in Sources */,
				9E4C5A6E228AE8C500BF3620 /* GeocodeService.swift in Sources */,
				9E66971B22804D3500C385D2 /* TranslateViewController.swift in Sources */,
				9E765FA82262527F005DF98B /* AppDelegate.swift in Sources */,
				9E6697172280041300C385D2 /* ApiKeys.swift in Sources */,
				9E4C5A662289B4EA00BF3620 /* LocationManager.swift in Sources */,
			);
			runOnlyForDeploymentPostprocessing = 0;
		};
		9E765FB422625282005DF98B /* Sources */ = {
			isa = PBXSourcesBuildPhase;
			buildActionMask = 2147483647;
			files = (
				9E4C5A70228AEE0C00BF3620 /* CountryTests.swift in Sources */,
				9E6697332285B92E00C385D2 /* TranslateTests.swift in Sources */,
				9E66972722807DFF00C385D2 /* UrlSession.swift in Sources */,
				9E66972522807CC100C385D2 /* ExchangeRateTests.swift in Sources */,
				9E669729228172A000C385D2 /* FakeResponseData.swift in Sources */,
				9E6697352285B94300C385D2 /* WeatherTests.swift in Sources */,
			);
			runOnlyForDeploymentPostprocessing = 0;
		};
/* End PBXSourcesBuildPhase section */

/* Begin PBXTargetDependency section */
		9E765FBA22625282005DF98B /* PBXTargetDependency */ = {
			isa = PBXTargetDependency;
			target = 9E765FA32262527F005DF98B /* LeBaluchon */;
			targetProxy = 9E765FB922625282005DF98B /* PBXContainerItemProxy */;
		};
/* End PBXTargetDependency section */

/* Begin PBXVariantGroup section */
		9E765FAB2262527F005DF98B /* Main.storyboard */ = {
			isa = PBXVariantGroup;
			children = (
				9E765FAC2262527F005DF98B /* Base */,
			);
			name = Main.storyboard;
			sourceTree = "<group>";
		};
		9E765FB022625281005DF98B /* LaunchScreen.storyboard */ = {
			isa = PBXVariantGroup;
			children = (
				9E765FB122625281005DF98B /* Base */,
			);
			name = LaunchScreen.storyboard;
			sourceTree = "<group>";
		};
/* End PBXVariantGroup section */

/* Begin XCBuildConfiguration section */
		9E765FBF22625282005DF98B /* Debug */ = {
			isa = XCBuildConfiguration;
			buildSettings = {
				ALWAYS_SEARCH_USER_PATHS = NO;
				CLANG_ANALYZER_NONNULL = YES;
				CLANG_ANALYZER_NUMBER_OBJECT_CONVERSION = YES_AGGRESSIVE;
				CLANG_CXX_LANGUAGE_STANDARD = "gnu++14";
				CLANG_CXX_LIBRARY = "libc++";
				CLANG_ENABLE_MODULES = YES;
				CLANG_ENABLE_OBJC_ARC = YES;
				CLANG_ENABLE_OBJC_WEAK = YES;
				CLANG_WARN_BLOCK_CAPTURE_AUTORELEASING = YES;
				CLANG_WARN_BOOL_CONVERSION = YES;
				CLANG_WARN_COMMA = YES;
				CLANG_WARN_CONSTANT_CONVERSION = YES;
				CLANG_WARN_DEPRECATED_OBJC_IMPLEMENTATIONS = YES;
				CLANG_WARN_DIRECT_OBJC_ISA_USAGE = YES_ERROR;
				CLANG_WARN_DOCUMENTATION_COMMENTS = YES;
				CLANG_WARN_EMPTY_BODY = YES;
				CLANG_WARN_ENUM_CONVERSION = YES;
				CLANG_WARN_INFINITE_RECURSION = YES;
				CLANG_WARN_INT_CONVERSION = YES;
				CLANG_WARN_NON_LITERAL_NULL_CONVERSION = YES;
				CLANG_WARN_OBJC_IMPLICIT_RETAIN_SELF = YES;
				CLANG_WARN_OBJC_LITERAL_CONVERSION = YES;
				CLANG_WARN_OBJC_ROOT_CLASS = YES_ERROR;
				CLANG_WARN_RANGE_LOOP_ANALYSIS = YES;
				CLANG_WARN_STRICT_PROTOTYPES = YES;
				CLANG_WARN_SUSPICIOUS_MOVE = YES;
				CLANG_WARN_UNGUARDED_AVAILABILITY = YES_AGGRESSIVE;
				CLANG_WARN_UNREACHABLE_CODE = YES;
				CLANG_WARN__DUPLICATE_METHOD_MATCH = YES;
				CODE_SIGN_IDENTITY = "iPhone Developer";
				COPY_PHASE_STRIP = NO;
				DEBUG_INFORMATION_FORMAT = dwarf;
				ENABLE_STRICT_OBJC_MSGSEND = YES;
				ENABLE_TESTABILITY = YES;
				GCC_C_LANGUAGE_STANDARD = gnu11;
				GCC_DYNAMIC_NO_PIC = NO;
				GCC_NO_COMMON_BLOCKS = YES;
				GCC_OPTIMIZATION_LEVEL = 0;
				GCC_PREPROCESSOR_DEFINITIONS = (
					"DEBUG=1",
					"$(inherited)",
				);
				GCC_WARN_64_TO_32_BIT_CONVERSION = YES;
				GCC_WARN_ABOUT_RETURN_TYPE = YES_ERROR;
				GCC_WARN_UNDECLARED_SELECTOR = YES;
				GCC_WARN_UNINITIALIZED_AUTOS = YES_AGGRESSIVE;
				GCC_WARN_UNUSED_FUNCTION = YES;
				GCC_WARN_UNUSED_VARIABLE = YES;
				IPHONEOS_DEPLOYMENT_TARGET = 11.0;
				MTL_ENABLE_DEBUG_INFO = INCLUDE_SOURCE;
				MTL_FAST_MATH = YES;
				ONLY_ACTIVE_ARCH = YES;
				SDKROOT = iphoneos;
				SWIFT_ACTIVE_COMPILATION_CONDITIONS = DEBUG;
				SWIFT_OPTIMIZATION_LEVEL = "-Onone";
			};
			name = Debug;
		};
		9E765FC022625282005DF98B /* Release */ = {
			isa = XCBuildConfiguration;
			buildSettings = {
				ALWAYS_SEARCH_USER_PATHS = NO;
				CLANG_ANALYZER_NONNULL = YES;
				CLANG_ANALYZER_NUMBER_OBJECT_CONVERSION = YES_AGGRESSIVE;
				CLANG_CXX_LANGUAGE_STANDARD = "gnu++14";
				CLANG_CXX_LIBRARY = "libc++";
				CLANG_ENABLE_MODULES = YES;
				CLANG_ENABLE_OBJC_ARC = YES;
				CLANG_ENABLE_OBJC_WEAK = YES;
				CLANG_WARN_BLOCK_CAPTURE_AUTORELEASING = YES;
				CLANG_WARN_BOOL_CONVERSION = YES;
				CLANG_WARN_COMMA = YES;
				CLANG_WARN_CONSTANT_CONVERSION = YES;
				CLANG_WARN_DEPRECATED_OBJC_IMPLEMENTATIONS = YES;
				CLANG_WARN_DIRECT_OBJC_ISA_USAGE = YES_ERROR;
				CLANG_WARN_DOCUMENTATION_COMMENTS = YES;
				CLANG_WARN_EMPTY_BODY = YES;
				CLANG_WARN_ENUM_CONVERSION = YES;
				CLANG_WARN_INFINITE_RECURSION = YES;
				CLANG_WARN_INT_CONVERSION = YES;
				CLANG_WARN_NON_LITERAL_NULL_CONVERSION = YES;
				CLANG_WARN_OBJC_IMPLICIT_RETAIN_SELF = YES;
				CLANG_WARN_OBJC_LITERAL_CONVERSION = YES;
				CLANG_WARN_OBJC_ROOT_CLASS = YES_ERROR;
				CLANG_WARN_RANGE_LOOP_ANALYSIS = YES;
				CLANG_WARN_STRICT_PROTOTYPES = YES;
				CLANG_WARN_SUSPICIOUS_MOVE = YES;
				CLANG_WARN_UNGUARDED_AVAILABILITY = YES_AGGRESSIVE;
				CLANG_WARN_UNREACHABLE_CODE = YES;
				CLANG_WARN__DUPLICATE_METHOD_MATCH = YES;
				CODE_SIGN_IDENTITY = "iPhone Developer";
				COPY_PHASE_STRIP = NO;
				DEBUG_INFORMATION_FORMAT = "dwarf-with-dsym";
				ENABLE_NS_ASSERTIONS = NO;
				ENABLE_STRICT_OBJC_MSGSEND = YES;
				GCC_C_LANGUAGE_STANDARD = gnu11;
				GCC_NO_COMMON_BLOCKS = YES;
				GCC_WARN_64_TO_32_BIT_CONVERSION = YES;
				GCC_WARN_ABOUT_RETURN_TYPE = YES_ERROR;
				GCC_WARN_UNDECLARED_SELECTOR = YES;
				GCC_WARN_UNINITIALIZED_AUTOS = YES_AGGRESSIVE;
				GCC_WARN_UNUSED_FUNCTION = YES;
				GCC_WARN_UNUSED_VARIABLE = YES;
				IPHONEOS_DEPLOYMENT_TARGET = 11.0;
				MTL_ENABLE_DEBUG_INFO = NO;
				MTL_FAST_MATH = YES;
				SDKROOT = iphoneos;
				SWIFT_COMPILATION_MODE = wholemodule;
				SWIFT_OPTIMIZATION_LEVEL = "-O";
				VALIDATE_PRODUCT = YES;
			};
			name = Release;
		};
		9E765FC222625282005DF98B /* Debug */ = {
			isa = XCBuildConfiguration;
			buildSettings = {
				ASSETCATALOG_COMPILER_APPICON_NAME = AppIcon;
				CODE_SIGN_STYLE = Automatic;
				DEVELOPMENT_TEAM = 2746FV37H5;
				INFOPLIST_FILE = "$(SRCROOT)/LeBaluchon/Supporting Files/Info.plist";
				LD_RUNPATH_SEARCH_PATHS = (
					"$(inherited)",
					"@executable_path/Frameworks",
				);
				PRODUCT_BUNDLE_IDENTIFIER = com.kcourtois.LeBaluchon;
				PRODUCT_NAME = "$(TARGET_NAME)";
				SWIFT_VERSION = 5.0;
				TARGETED_DEVICE_FAMILY = 1;
			};
			name = Debug;
		};
		9E765FC322625282005DF98B /* Release */ = {
			isa = XCBuildConfiguration;
			buildSettings = {
				ASSETCATALOG_COMPILER_APPICON_NAME = AppIcon;
				CODE_SIGN_STYLE = Automatic;
				DEVELOPMENT_TEAM = 2746FV37H5;
				INFOPLIST_FILE = "$(SRCROOT)/LeBaluchon/Supporting Files/Info.plist";
				LD_RUNPATH_SEARCH_PATHS = (
					"$(inherited)",
					"@executable_path/Frameworks",
				);
				PRODUCT_BUNDLE_IDENTIFIER = com.kcourtois.LeBaluchon;
				PRODUCT_NAME = "$(TARGET_NAME)";
				SWIFT_VERSION = 5.0;
				TARGETED_DEVICE_FAMILY = 1;
			};
			name = Release;
		};
		9E765FC522625282005DF98B /* Debug */ = {
			isa = XCBuildConfiguration;
			buildSettings = {
				ALWAYS_EMBED_SWIFT_STANDARD_LIBRARIES = YES;
				BUNDLE_LOADER = "$(TEST_HOST)";
				CODE_SIGN_STYLE = Automatic;
				DEVELOPMENT_TEAM = 2746FV37H5;
				INFOPLIST_FILE = LeBaluchonTests/Info.plist;
				LD_RUNPATH_SEARCH_PATHS = (
					"$(inherited)",
					"@executable_path/Frameworks",
					"@loader_path/Frameworks",
				);
				PRODUCT_BUNDLE_IDENTIFIER = com.kcourtois.LeBaluchonTests;
				PRODUCT_NAME = "$(TARGET_NAME)";
				SWIFT_VERSION = 5.0;
				TARGETED_DEVICE_FAMILY = "1,2";
				TEST_HOST = "$(BUILT_PRODUCTS_DIR)/LeBaluchon.app/LeBaluchon";
			};
			name = Debug;
		};
		9E765FC622625282005DF98B /* Release */ = {
			isa = XCBuildConfiguration;
			buildSettings = {
				ALWAYS_EMBED_SWIFT_STANDARD_LIBRARIES = YES;
				BUNDLE_LOADER = "$(TEST_HOST)";
				CODE_SIGN_STYLE = Automatic;
				DEVELOPMENT_TEAM = 2746FV37H5;
				INFOPLIST_FILE = LeBaluchonTests/Info.plist;
				LD_RUNPATH_SEARCH_PATHS = (
					"$(inherited)",
					"@executable_path/Frameworks",
					"@loader_path/Frameworks",
				);
				PRODUCT_BUNDLE_IDENTIFIER = com.kcourtois.LeBaluchonTests;
				PRODUCT_NAME = "$(TARGET_NAME)";
				SWIFT_VERSION = 5.0;
				TARGETED_DEVICE_FAMILY = "1,2";
				TEST_HOST = "$(BUILT_PRODUCTS_DIR)/LeBaluchon.app/LeBaluchon";
			};
			name = Release;
		};
/* End XCBuildConfiguration section */

/* Begin XCConfigurationList section */
		9E765F9F2262527F005DF98B /* Build configuration list for PBXProject "LeBaluchon" */ = {
			isa = XCConfigurationList;
			buildConfigurations = (
				9E765FBF22625282005DF98B /* Debug */,
				9E765FC022625282005DF98B /* Release */,
			);
			defaultConfigurationIsVisible = 0;
			defaultConfigurationName = Release;
		};
		9E765FC122625282005DF98B /* Build configuration list for PBXNativeTarget "LeBaluchon" */ = {
			isa = XCConfigurationList;
			buildConfigurations = (
				9E765FC222625282005DF98B /* Debug */,
				9E765FC322625282005DF98B /* Release */,
			);
			defaultConfigurationIsVisible = 0;
			defaultConfigurationName = Release;
		};
		9E765FC422625282005DF98B /* Build configuration list for PBXNativeTarget "LeBaluchonTests" */ = {
			isa = XCConfigurationList;
			buildConfigurations = (
				9E765FC522625282005DF98B /* Debug */,
				9E765FC622625282005DF98B /* Release */,
			);
			defaultConfigurationIsVisible = 0;
			defaultConfigurationName = Release;
		};
/* End XCConfigurationList section */
	};
	rootObject = 9E765F9C2262527F005DF98B /* Project object */;
}
